
Microsoft Visual Studio Solution File, Format Version 12.00
# Visual Studio Version 16
VisualStudioVersion = 16.0.31019.35
MinimumVisualStudioVersion = 10.0.40219.1
Project("{9A19103F-16F7-4668-BE54-9A1E7A4F7556}") = "BlogApp.Dotnet.Web", "BlogApp.Dotnet.Web\BlogApp.Dotnet.Web.csproj", "{1BA8E77D-5B66-43E6-83B4-647958208F29}"
EndProject
Project("{2150E333-8FDC-42A3-9474-1A3956D46DE8}") = "Solution Items", "Solution Items", "{E2093F24-F34B-4E11-BAB1-7390230BB2DC}"
	ProjectSection(SolutionItems) = preProject
		.editorconfig = .editorconfig
	EndProjectSection
EndProject
Project("{9A19103F-16F7-4668-BE54-9A1E7A4F7556}") = "BlogApp.Dotnet.DAL", "DAL\BlogApp.Dotnet.DAL.csproj", "{31B8D318-EBF7-4FF8-91CD-B3D71A53909B}"
EndProject
Project("{9A19103F-16F7-4668-BE54-9A1E7A4F7556}") = "BlogApp.Dotnet.ApplicationCore", "ApplicationCore\BlogApp.Dotnet.ApplicationCore.csproj", "{1017AE4C-69D8-4408-AA67-3E38E1C1F8F0}"
EndProject
Project("{9A19103F-16F7-4668-BE54-9A1E7A4F7556}") = "BlogApp.Dotnet.Services", "Services\BlogApp.Dotnet.Services.csproj", "{D2CB0625-5CB0-41F0-B8D6-2095E0ED333E}"
EndProject
Global
	GlobalSection(SolutionConfigurationPlatforms) = preSolution
		Debug|Any CPU = Debug|Any CPU
		Release|Any CPU = Release|Any CPU
	EndGlobalSection
	GlobalSection(ProjectConfigurationPlatforms) = postSolution
		{1BA8E77D-5B66-43E6-83B4-647958208F29}.Debug|Any CPU.ActiveCfg = Debug|Any CPU
		{1BA8E77D-5B66-43E6-83B4-647958208F29}.Debug|Any CPU.Build.0 = Debug|Any CPU
		{1BA8E77D-5B66-43E6-83B4-647958208F29}.Release|Any CPU.ActiveCfg = Release|Any CPU
		{1BA8E77D-5B66-43E6-83B4-647958208F29}.Release|Any CPU.Build.0 = Release|Any CPU
		{31B8D318-EBF7-4FF8-91CD-B3D71A53909B}.Debug|Any CPU.ActiveCfg = Debug|Any CPU
		{31B8D318-EBF7-4FF8-91CD-B3D71A53909B}.Debug|Any CPU.Build.0 = Debug|Any CPU
		{31B8D318-EBF7-4FF8-91CD-B3D71A53909B}.Release|Any CPU.ActiveCfg = Release|Any CPU
		{31B8D318-EBF7-4FF8-91CD-B3D71A53909B}.Release|Any CPU.Build.0 = Release|Any CPU
		{1017AE4C-69D8-4408-AA67-3E38E1C1F8F0}.Debug|Any CPU.ActiveCfg = Debug|Any CPU
		{1017AE4C-69D8-4408-AA67-3E38E1C1F8F0}.Debug|Any CPU.Build.0 = Debug|Any CPU
		{1017AE4C-69D8-4408-AA67-3E38E1C1F8F0}.Release|Any CPU.ActiveCfg = Release|Any CPU
		{1017AE4C-69D8-4408-AA67-3E38E1C1F8F0}.Release|Any CPU.Build.0 = Release|Any CPU
		{D2CB0625-5CB0-41F0-B8D6-2095E0ED333E}.Debug|Any CPU.ActiveCfg = Debug|Any CPU
		{D2CB0625-5CB0-41F0-B8D6-2095E0ED333E}.Debug|Any CPU.Build.0 = Debug|Any CPU
		{D2CB0625-5CB0-41F0-B8D6-2095E0ED333E}.Release|Any CPU.ActiveCfg = Release|Any CPU
		{D2CB0625-5CB0-41F0-B8D6-2095E0ED333E}.Release|Any CPU.Build.0 = Release|Any CPU
		
		
		
	EndGlobalSection
	GlobalSection(SolutionProperties) = preSolution
		HideSolutionNode = FALSE
	EndGlobalSection
	GlobalSection(NestedProjects) = preSolution
		
		
		
	
	EndGlobalSection
	GlobalSection(ExtensibilityGlobals) = postSolution
		SolutionGuid = {D99C568E-202D-4BC7-94C2-603658F80A59}
	EndGlobalSection
EndGlobal
